github.com/Binject/debug v0.0.0-20211007083345-9605c99179ee h1:neBp9wDYVY4Uu1gGlrL+IL4JeZslz+hGEAjBXGAPWak=
github.com/Binject/debug v0.0.0-20211007083345-9605c99179ee/go.mod h1:QzgxDLY/qdKlvnbnb65eqTedhvQPbaSP2NqIbcuKvsQ=
golang.org/x/sys v0.0.0-20220114195835-da31bd327af9 h1:XfKQ4OlFl8okEOr5UvAqFRVj8pY/4yfcXrddB8qAbU0=
golang.org/x/sys v0.0.0-20220114195835-da31bd327af9/go.mod h1:oPkhp1MJrh7nUepCBck5+mAzfO9JrbApNNgaTdGDITg=
